
Microsoft Visual Studio Solution File, Format Version 12.00
# Visual Studio Version 17
VisualStudioVersion = 17.13.35931.197 d17.13
MinimumVisualStudioVersion = 10.0.40219.1
Project("{FAE04EC0-301F-11D3-BF4B-00C04F79EFBC}") = "SupermarketWEB", "SupermarketWEB.csproj", "{42CBC98B-860D-4881-970F-7AD6641ACBF6}"
EndProject
Global
	GlobalSection(SolutionConfigurationPlatforms) = preSolution
		Debug|Any CPU = Debug|Any CPU
		Release|Any CPU = Release|Any CPU
	EndGlobalSection
	GlobalSection(ProjectConfigurationPlatforms) = postSolution
		{42CBC98B-860D-4881-970F-7AD6641ACBF6}.Debug|Any CPU.ActiveCfg = Debug|Any CPU
		{42CBC98B-860D-4881-970F-7AD6641ACBF6}.Debug|Any CPU.Build.0 = Debug|Any CPU
		{42CBC98B-860D-4881-970F-7AD6641ACBF6}.Release|Any CPU.ActiveCfg = Release|Any CPU
		{42CBC98B-860D-4881-970F-7AD6641ACBF6}.Release|Any CPU.Build.0 = Release|Any CPU
	EndGlobalSection
	GlobalSection(SolutionProperties) = preSolution
		HideSolutionNode = FALSE
	EndGlobalSection
	GlobalSection(ExtensibilityGlobals) = postSolution
		SolutionGuid = {B5B482A3-C357-4A8B-A7AC-1B634BC94757}
	EndGlobalSection
EndGlobal
